
Microsoft Visual Studio Solution File, Format Version 12.00
# Visual Studio Version 17
VisualStudioVersion = 17.4.33110.190
MinimumVisualStudioVersion = 10.0.40219.1
Project("{9A19103F-16F7-4668-BE54-9A1E7A4F7556}") = "TSWVote", "TSWVote.csproj", "{D451F913-0C5F-40FA-A196-164A2C39D080}"
EndProject
Global
	GlobalSection(SolutionConfigurationPlatforms) = preSolution
		Debug|Any CPU = Debug|Any CPU
		Debug|x64 = Debug|x64
		Release|Any CPU = Release|Any CPU
		Release|x64 = Release|x64
	EndGlobalSection
	GlobalSection(ProjectConfigurationPlatforms) = postSolution
		{D451F913-0C5F-40FA-A196-164A2C39D080}.Debug|Any CPU.ActiveCfg = Debug|Any CPU
		{D451F913-0C5F-40FA-A196-164A2C39D080}.Debug|Any CPU.Build.0 = Debug|Any CPU
		{D451F913-0C5F-40FA-A196-164A2C39D080}.Debug|x64.ActiveCfg = Debug|x64
		{D451F913-0C5F-40FA-A196-164A2C39D080}.Debug|x64.Build.0 = Debug|x64
		{D451F913-0C5F-40FA-A196-164A2C39D080}.Release|Any CPU.ActiveCfg = Release|Any CPU
		{D451F913-0C5F-40FA-A196-164A2C39D080}.Release|Any CPU.Build.0 = Release|Any CPU
		{D451F913-0C5F-40FA-A196-164A2C39D080}.Release|x64.ActiveCfg = Release|x64
		{D451F913-0C5F-40FA-A196-164A2C39D080}.Release|x64.Build.0 = Release|x64
	EndGlobalSection
	GlobalSection(SolutionProperties) = preSolution
		HideSolutionNode = FALSE
	EndGlobalSection
	GlobalSection(ExtensibilityGlobals) = postSolution
		SolutionGuid = {9B29901E-E10A-442E-90F9-B25E539DFC7D}
	EndGlobalSection
EndGlobal
